// !$*UTF8*$!
{
	archiveVersion = 1;
	classes = {
	};
	objectVersion = 46;
	objects = {

/* Begin PBXBuildFile section */
		185222BE1BCAC2A8008948B1 /* main.m in Sources */ = {isa = PBXBuildFile; fileRef = 185222BD1BCAC2A8008948B1 /* main.m */; };
		185222C11BCAC2A8008948B1 /* AppDelegate.m in Sources */ = {isa = PBXBuildFile; fileRef = 185222C01BCAC2A8008948B1 /* AppDelegate.m */; };
		185222C41BCAC2A8008948B1 /* MainViewController.m in Sources */ = {isa = PBXBuildFile; fileRef = 185222C31BCAC2A8008948B1 /* MainViewController.m */; };
		185222C71BCAC2A8008948B1 /* Main.storyboard in Resources */ = {isa = PBXBuildFile; fileRef = 185222C51BCAC2A8008948B1 /* Main.storyboard */; };
		185222C91BCAC2A8008948B1 /* Assets.xcassets in Resources */ = {isa = PBXBuildFile; fileRef = 185222C81BCAC2A8008948B1 /* Assets.xcassets */; };
		185222CC1BCAC2A8008948B1 /* LaunchScreen.storyboard in Resources */ = {isa = PBXBuildFile; fileRef = 185222CA1BCAC2A8008948B1 /* LaunchScreen.storyboard */; };
		185222D71BCAC2A8008948B1 /* Deskka_Tests.m in Sources */ = {isa = PBXBuildFile; fileRef = 185222D61BCAC2A8008948B1 /* Deskka_Tests.m */; };
		185222E21BCAC2A8008948B1 /* Deskka_UITests.m in Sources */ = {isa = PBXBuildFile; fileRef = 185222E11BCAC2A8008948B1 /* Deskka_UITests.m */; };
		18BF02501BCACE6F00070C1B /* Geomanist-Bold.otf in Resources */ = {isa = PBXBuildFile; fileRef = 18BF024F1BCACE6F00070C1B /* Geomanist-Bold.otf */; settings = {ASSET_TAGS = (); }; };
/* End PBXBuildFile section */

/* Begin PBXContainerItemProxy section */
		185222D31BCAC2A8008948B1 /* PBXContainerItemProxy */ = {
			isa = PBXContainerItemProxy;
			containerPortal = 185222B11BCAC2A7008948B1 /* Project object */;
			proxyType = 1;
			remoteGlobalIDString = 185222B81BCAC2A8008948B1;
			remoteInfo = "Deskka?";
		};
		185222DE1BCAC2A8008948B1 /* PBXContainerItemProxy */ = {
			isa = PBXContainerItemProxy;
			containerPortal = 185222B11BCAC2A7008948B1 /* Project object */;
			proxyType = 1;
			remoteGlobalIDString = 185222B81BCAC2A8008948B1;
			remoteInfo = "Deskka?";
		};
/* End PBXContainerItemProxy section */

/* Begin PBXFileReference section */
		185222B91BCAC2A8008948B1 /* Deskka?.app */ = {isa = PBXFileReference; explicitFileType = wrapper.application; includeInIndex = 0; path = "Deskka?.app"; sourceTree = BUILT_PRODUCTS_DIR; };
		185222BD1BCAC2A8008948B1 /* main.m */ = {isa = PBXFileReference; lastKnownFileType = sourcecode.c.objc; path = main.m; sourceTree = "<group>"; };
		185222BF1BCAC2A8008948B1 /* AppDelegate.h */ = {isa = PBXFileReference; lastKnownFileType = sourcecode.c.h; path = AppDelegate.h; sourceTree = "<group>"; };
		185222C01BCAC2A8008948B1 /* AppDelegate.m */ = {isa = PBXFileReference; lastKnownFileType = sourcecode.c.objc; path = AppDelegate.m; sourceTree = "<group>"; };
		185222C21BCAC2A8008948B1 /* MainViewController.h */ = {isa = PBXFileReference; lastKnownFileType = sourcecode.c.h; path = MainViewController.h; sourceTree = "<group>"; };
		185222C31BCAC2A8008948B1 /* MainViewController.m */ = {isa = PBXFileReference; lastKnownFileType = sourcecode.c.objc; path = MainViewController.m; sourceTree = "<group>"; };
		185222C61BCAC2A8008948B1 /* Base */ = {isa = PBXFileReference; lastKnownFileType = file.storyboard; name = Base; path = Base.lproj/Main.storyboard; sourceTree = "<group>"; };
		185222C81BCAC2A8008948B1 /* Assets.xcassets */ = {isa = PBXFileReference; lastKnownFileType = folder.assetcatalog; path = Assets.xcassets; sourceTree = "<group>"; };
		185222CB1BCAC2A8008948B1 /* Base */ = {isa = PBXFileReference; lastKnownFileType = file.storyboard; name = Base; path = Base.lproj/LaunchScreen.storyboard; sourceTree = "<group>"; };
		185222CD1BCAC2A8008948B1 /* Info.plist */ = {isa = PBXFileReference; lastKnownFileType = text.plist.xml; path = Info.plist; sourceTree = "<group>"; };
		185222D21BCAC2A8008948B1 /* Deskka?Tests.xctest */ = {isa = PBXFileReference; explicitFileType = wrapper.cfbundle; includeInIndex = 0; path = "Deskka?Tests.xctest"; sourceTree = BUILT_PRODUCTS_DIR; };
		185222D61BCAC2A8008948B1 /* Deskka_Tests.m */ = {isa = PBXFileReference; lastKnownFileType = sourcecode.c.objc; path = Deskka_Tests.m; sourceTree = "<group>"; };
		185222D81BCAC2A8008948B1 /* Info.plist */ = {isa = PBXFileReference; lastKnownFileType = text.plist.xml; path = Info.plist; sourceTree = "<group>"; };
		185222DD1BCAC2A8008948B1 /* Deskka?UITests.xctest */ = {isa = PBXFileReference; explicitFileType = wrapper.cfbundle; includeInIndex = 0; path = "Deskka?UITests.xctest"; sourceTree = BUILT_PRODUCTS_DIR; };
		185222E11BCAC2A8008948B1 /* Deskka_UITests.m */ = {isa = PBXFileReference; lastKnownFileType = sourcecode.c.objc; path = Deskka_UITests.m; sourceTree = "<group>"; };
		185222E31BCAC2A8008948B1 /* Info.plist */ = {isa = PBXFileReference; lastKnownFileType = text.plist.xml; path = Info.plist; sourceTree = "<group>"; };
		18BF024F1BCACE6F00070C1B /* Geomanist-Bold.otf */ = {isa = PBXFileReference; lastKnownFileType = file; path = "Geomanist-Bold.otf"; sourceTree = "<group>"; };
/* End PBXFileReference section */

/* Begin PBXFrameworksBuildPhase section */
		185222B61BCAC2A8008948B1 /* Frameworks */ = {
			isa = PBXFrameworksBuildPhase;
			buildActionMask = 2147483647;
			files = (
			);
			runOnlyForDeploymentPostprocessing = 0;
		};
		185222CF1BCAC2A8008948B1 /* Frameworks */ = {
			isa = PBXFrameworksBuildPhase;
			buildActionMask = 2147483647;
			files = (
			);
			runOnlyForDeploymentPostprocessing = 0;
		};
		185222DA1BCAC2A8008948B1 /* Frameworks */ = {
			isa = PBXFrameworksBuildPhase;
			buildActionMask = 2147483647;
			files = (
			);
			runOnlyForDeploymentPostprocessing = 0;
		};
/* End PBXFrameworksBuildPhase section */

/* Begin PBXGroup section */
		185222B01BCAC2A7008948B1 = {
			isa = PBXGroup;
			children = (
				185222BB1BCAC2A8008948B1 /* Deskka? */,
				185222D51BCAC2A8008948B1 /* Deskka?Tests */,
				185222E01BCAC2A8008948B1 /* Deskka?UITests */,
				185222BA1BCAC2A8008948B1 /* Products */,
			);
			sourceTree = "<group>";
		};
		185222BA1BCAC2A8008948B1 /* Products */ = {
			isa = PBXGroup;
			children = (
				185222B91BCAC2A8008948B1 /* Deskka?.app */,
				185222D21BCAC2A8008948B1 /* Deskka?Tests.xctest */,
				185222DD1BCAC2A8008948B1 /* Deskka?UITests.xctest */,
			);
			name = Products;
			sourceTree = "<group>";
		};
		185222BB1BCAC2A8008948B1 /* Deskka? */ = {
			isa = PBXGroup;
			children = (
				18BF024D1BCACE6F00070C1B /* Resource */,
				185222BF1BCAC2A8008948B1 /* AppDelegate.h */,
				185222C01BCAC2A8008948B1 /* AppDelegate.m */,
				185222C21BCAC2A8008948B1 /* MainViewController.h */,
				185222C31BCAC2A8008948B1 /* MainViewController.m */,
				185222C51BCAC2A8008948B1 /* Main.storyboard */,
				185222C81BCAC2A8008948B1 /* Assets.xcassets */,
				185222CA1BCAC2A8008948B1 /* LaunchScreen.storyboard */,
				185222CD1BCAC2A8008948B1 /* Info.plist */,
				185222BC1BCAC2A8008948B1 /* Supporting Files */,
			);
			path = "Deskka?";
			sourceTree = "<group>";
		};
		185222BC1BCAC2A8008948B1 /* Supporting Files */ = {
			isa = PBXGroup;
			children = (
				185222BD1BCAC2A8008948B1 /* main.m */,
			);
			name = "Supporting Files";
			sourceTree = "<group>";
		};
		185222D51BCAC2A8008948B1 /* Deskka?Tests */ = {
			isa = PBXGroup;
			children = (
				185222D61BCAC2A8008948B1 /* Deskka_Tests.m */,
				185222D81BCAC2A8008948B1 /* Info.plist */,
			);
			path = "Deskka?Tests";
			sourceTree = "<group>";
		};
		185222E01BCAC2A8008948B1 /* Deskka?UITests */ = {
			isa = PBXGroup;
			children = (
				185222E11BCAC2A8008948B1 /* Deskka_UITests.m */,
				185222E31BCAC2A8008948B1 /* Info.plist */,
			);
			path = "Deskka?UITests";
			sourceTree = "<group>";
		};
		18BF024D1BCACE6F00070C1B /* Resource */ = {
			isa = PBXGroup;
			children = (
				18BF024E1BCACE6F00070C1B /* Fonts */,
			);
			path = Resource;
			sourceTree = SOURCE_ROOT;
		};
		18BF024E1BCACE6F00070C1B /* Fonts */ = {
			isa = PBXGroup;
			children = (
				18BF024F1BCACE6F00070C1B /* Geomanist-Bold.otf */,
			);
			path = Fonts;
			sourceTree = "<group>";
		};
/* End PBXGroup section */

/* Begin PBXNativeTarget section */
		185222B81BCAC2A8008948B1 /* Deskka? */ = {
			isa = PBXNativeTarget;
			buildConfigurationList = 185222E61BCAC2A8008948B1 /* Build configuration list for PBXNativeTarget "Deskka?" */;
			buildPhases = (
				185222B51BCAC2A8008948B1 /* Sources */,
				185222B61BCAC2A8008948B1 /* Frameworks */,
				185222B71BCAC2A8008948B1 /* Resources */,
			);
			buildRules = (
			);
			dependencies = (
			);
			name = "Deskka?";
			productName = "Deskka?";
			productReference = 185222B91BCAC2A8008948B1 /* Deskka?.app */;
			productType = "com.apple.product-type.application";
		};
		185222D11BCAC2A8008948B1 /* Deskka?Tests */ = {
			isa = PBXNativeTarget;
			buildConfigurationList = 185222E91BCAC2A8008948B1 /* Build configuration list for PBXNativeTarget "Deskka?Tests" */;
			buildPhases = (
				185222CE1BCAC2A8008948B1 /* Sources */,
				185222CF1BCAC2A8008948B1 /* Frameworks */,
				185222D01BCAC2A8008948B1 /* Resources */,
			);
			buildRules = (
			);
			dependencies = (
				185222D41BCAC2A8008948B1 /* PBXTargetDependency */,
			);
			name = "Deskka?Tests";
			productName = "Deskka?Tests";
			productReference = 185222D21BCAC2A8008948B1 /* Deskka?Tests.xctest */;
			productType = "com.apple.product-type.bundle.unit-test";
		};
		185222DC1BCAC2A8008948B1 /* Deskka?UITests */ = {
			isa = PBXNativeTarget;
			buildConfigurationList = 185222EC1BCAC2A8008948B1 /* Build configuration list for PBXNativeTarget "Deskka?UITests" */;
			buildPhases = (
				185222D91BCAC2A8008948B1 /* Sources */,
				185222DA1BCAC2A8008948B1 /* Frameworks */,
				185222DB1BCAC2A8008948B1 /* Resources */,
			);
			buildRules = (
			);
			dependencies = (
				185222DF1BCAC2A8008948B1 /* PBXTargetDependency */,
			);
			name = "Deskka?UITests";
			productName = "Deskka?UITests";
			productReference = 185222DD1BCAC2A8008948B1 /* Deskka?UITests.xctest */;
			productType = "com.apple.product-type.bundle.ui-testing";
		};
/* End PBXNativeTarget section */

/* Begin PBXProject section */
		185222B11BCAC2A7008948B1 /* Project object */ = {
			isa = PBXProject;
			attributes = {
				LastUpgradeCheck = 0700;
				ORGANIZATIONNAME = IndyZaLab;
				TargetAttributes = {
					185222B81BCAC2A8008948B1 = {
						CreatedOnToolsVersion = 7.0;
					};
					185222D11BCAC2A8008948B1 = {
						CreatedOnToolsVersion = 7.0;
						TestTargetID = 185222B81BCAC2A8008948B1;
					};
					185222DC1BCAC2A8008948B1 = {
						CreatedOnToolsVersion = 7.0;
						TestTargetID = 185222B81BCAC2A8008948B1;
					};
				};
			};
			buildConfigurationList = 185222B41BCAC2A7008948B1 /* Build configuration list for PBXProject "Deskka?" */;
			compatibilityVersion = "Xcode 3.2";
			developmentRegion = English;
			hasScannedForEncodings = 0;
			knownRegions = (
				en,
				Base,
			);
			mainGroup = 185222B01BCAC2A7008948B1;
			productRefGroup = 185222BA1BCAC2A8008948B1 /* Products */;
			projectDirPath = "";
			projectRoot = "";
			targets = (
				185222B81BCAC2A8008948B1 /* Deskka? */,
				185222D11BCAC2A8008948B1 /* Deskka?Tests */,
				185222DC1BCAC2A8008948B1 /* Deskka?UITests */,
			);
		};
/* End PBXProject section */

/* Begin PBXResourcesBuildPhase section */
		185222B71BCAC2A8008948B1 /* Resources */ = {
			isa = PBXResourcesBuildPhase;
			buildActionMask = 2147483647;
			files = (
				185222CC1BCAC2A8008948B1 /* LaunchScreen.storyboard in Resources */,
				185222C91BCAC2A8008948B1 /* Assets.xcassets in Resources */,
				18BF02501BCACE6F00070C1B /* Geomanist-Bold.otf in Resources */,
				185222C71BCAC2A8008948B1 /* Main.storyboard in Resources */,
			);
			runOnlyForDeploymentPostprocessing = 0;
		};
		185222D01BCAC2A8008948B1 /* Resources */ = {
			isa = PBXResourcesBuildPhase;
			buildActionMask = 2147483647;
			files = (
			);
			runOnlyForDeploymentPostprocessing = 0;
		};
		185222DB1BCAC2A8008948B1 /* Resources */ = {
			isa = PBXResourcesBuildPhase;
			buildActionMask = 2147483647;
			files = (
			);
			runOnlyForDeploymentPostprocessing = 0;
		};
/* End PBXResourcesBuildPhase section */

/* Begin PBXSourcesBuildPhase section */
		185222B51BCAC2A8008948B1 /* Sources */ = {
			isa = PBXSourcesBuildPhase;
			buildActionMask = 2147483647;
			files = (
				185222C41BCAC2A8008948B1 /* MainViewController.m in Sources */,
				185222C11BCAC2A8008948B1 /* AppDelegate.m in Sources */,
				185222BE1BCAC2A8008948B1 /* main.m in Sources */,
			);
			runOnlyForDeploymentPostprocessing = 0;
		};
		185222CE1BCAC2A8008948B1 /* Sources */ = {
			isa = PBXSourcesBuildPhase;
			buildActionMask = 2147483647;
			files = (
				185222D71BCAC2A8008948B1 /* Deskka_Tests.m in Sources */,
			);
			runOnlyForDeploymentPostprocessing = 0;
		};
		185222D91BCAC2A8008948B1 /* Sources */ = {
			isa = PBXSourcesBuildPhase;
			buildActionMask = 2147483647;
			files = (
				185222E21BCAC2A8008948B1 /* Deskka_UITests.m in Sources */,
			);
			runOnlyForDeploymentPostprocessing = 0;
		};
/* End PBXSourcesBuildPhase section */

/* Begin PBXTargetDependency section */
		185222D41BCAC2A8008948B1 /* PBXTargetDependency */ = {
			isa = PBXTargetDependency;
			target = 185222B81BCAC2A8008948B1 /* Deskka? */;
			targetProxy = 185222D31BCAC2A8008948B1 /* PBXContainerItemProxy */;
		};
		185222DF1BCAC2A8008948B1 /* PBXTargetDependency */ = {
			isa = PBXTargetDependency;
			target = 185222B81BCAC2A8008948B1 /* Deskka? */;
			targetProxy = 185222DE1BCAC2A8008948B1 /* PBXContainerItemProxy */;
		};
/* End PBXTargetDependency section */

/* Begin PBXVariantGroup section */
		185222C51BCAC2A8008948B1 /* Main.storyboard */ = {
			isa = PBXVariantGroup;
			children = (
				185222C61BCAC2A8008948B1 /* Base */,
			);
			name = Main.storyboard;
			sourceTree = "<group>";
		};
		185222CA1BCAC2A8008948B1 /* LaunchScreen.storyboard */ = {
			isa = PBXVariantGroup;
			children = (
				185222CB1BCAC2A8008948B1 /* Base */,
			);
			name = LaunchScreen.storyboard;
			sourceTree = "<group>";
		};
/* End PBXVariantGroup section */

/* Begin XCBuildConfiguration section */
		185222E41BCAC2A8008948B1 /* Debug */ = {
			isa = XCBuildConfiguration;
			buildSettings = {
				ALWAYS_SEARCH_USER_PATHS = NO;
				CLANG_CXX_LANGUAGE_STANDARD = "gnu++0x";
				CLANG_CXX_LIBRARY = "libc++";
				CLANG_ENABLE_MODULES = YES;
				CLANG_ENABLE_OBJC_ARC = YES;
				CLANG_WARN_BOOL_CONVERSION = YES;
				CLANG_WARN_CONSTANT_CONVERSION = YES;
				CLANG_WARN_DIRECT_OBJC_ISA_USAGE = YES_ERROR;
				CLANG_WARN_EMPTY_BODY = YES;
				CLANG_WARN_ENUM_CONVERSION = YES;
				CLANG_WARN_INT_CONVERSION = YES;
				CLANG_WARN_OBJC_ROOT_CLASS = YES_ERROR;
				CLANG_WARN_UNREACHABLE_CODE = YES;
				CLANG_WARN__DUPLICATE_METHOD_MATCH = YES;
				"CODE_SIGN_IDENTITY[sdk=iphoneos*]" = "iPhone Developer";
				COPY_PHASE_STRIP = NO;
				DEBUG_INFORMATION_FORMAT = dwarf;
				ENABLE_STRICT_OBJC_MSGSEND = YES;
				ENABLE_TESTABILITY = YES;
				GCC_C_LANGUAGE_STANDARD = gnu99;
				GCC_DYNAMIC_NO_PIC = NO;
				GCC_NO_COMMON_BLOCKS = YES;
				GCC_OPTIMIZATION_LEVEL = 0;
				GCC_PREPROCESSOR_DEFINITIONS = (
					"DEBUG=1",
					"$(inherited)",
				);
				GCC_WARN_64_TO_32_BIT_CONVERSION = YES;
				GCC_WARN_ABOUT_RETURN_TYPE = YES_ERROR;
				GCC_WARN_UNDECLARED_SELECTOR = YES;
				GCC_WARN_UNINITIALIZED_AUTOS = YES_AGGRESSIVE;
				GCC_WARN_UNUSED_FUNCTION = YES;
				GCC_WARN_UNUSED_VARIABLE = YES;
				IPHONEOS_DEPLOYMENT_TARGET = 8.0;
				MTL_ENABLE_DEBUG_INFO = YES;
				ONLY_ACTIVE_ARCH = YES;
				SDKROOT = iphoneos;
			};
			name = Debug;
		};
		185222E51BCAC2A8008948B1 /* Release */ = {
			isa = XCBuildConfiguration;
			buildSettings = {
				ALWAYS_SEARCH_USER_PATHS = NO;
				CLANG_CXX_LANGUAGE_STANDARD = "gnu++0x";
				CLANG_CXX_LIBRARY = "libc++";
				CLANG_ENABLE_MODULES = YES;
				CLANG_ENABLE_OBJC_ARC = YES;
				CLANG_WARN_BOOL_CONVERSION = YES;
				CLANG_WARN_CONSTANT_CONVERSION = YES;
				CLANG_WARN_DIRECT_OBJC_ISA_USAGE = YES_ERROR;
				CLANG_WARN_EMPTY_BODY = YES;
				CLANG_WARN_ENUM_CONVERSION = YES;
				CLANG_WARN_INT_CONVERSION = YES;
				CLANG_WARN_OBJC_ROOT_CLASS = YES_ERROR;
				CLANG_WARN_UNREACHABLE_CODE = YES;
				CLANG_WARN__DUPLICATE_METHOD_MATCH = YES;
				"CODE_SIGN_IDENTITY[sdk=iphoneos*]" = "iPhone Developer";
				COPY_PHASE_STRIP = NO;
				DEBUG_INFORMATION_FORMAT = "dwarf-with-dsym";
				ENABLE_NS_ASSERTIONS = NO;
				ENABLE_STRICT_OBJC_MSGSEND = YES;
				GCC_C_LANGUAGE_STANDARD = gnu99;
				GCC_NO_COMMON_BLOCKS = YES;
				GCC_WARN_64_TO_32_BIT_CONVERSION = YES;
				GCC_WARN_ABOUT_RETURN_TYPE = YES_ERROR;
				GCC_WARN_UNDECLARED_SELECTOR = YES;
				GCC_WARN_UNINITIALIZED_AUTOS = YES_AGGRESSIVE;
				GCC_WARN_UNUSED_FUNCTION = YES;
				GCC_WARN_UNUSED_VARIABLE = YES;
				IPHONEOS_DEPLOYMENT_TARGET = 8.0;
				MTL_ENABLE_DEBUG_INFO = NO;
				SDKROOT = iphoneos;
				VALIDATE_PRODUCT = YES;
			};
			name = Release;
		};
		185222E71BCAC2A8008948B1 /* Debug */ = {
			isa = XCBuildConfiguration;
			buildSettings = {
				ASSETCATALOG_COMPILER_APPICON_NAME = AppIcon;
				INFOPLIST_FILE = "Deskka?/Info.plist";
				LD_RUNPATH_SEARCH_PATHS = "$(inherited) @executable_path/Frameworks";
				PRODUCT_BUNDLE_IDENTIFIER = "com.indyzalab.Deskka-";
				PRODUCT_NAME = "$(TARGET_NAME)";
			};
			name = Debug;
		};
		185222E81BCAC2A8008948B1 /* Release */ = {
			isa = XCBuildConfiguration;
			buildSettings = {
				ASSETCATALOG_COMPILER_APPICON_NAME = AppIcon;
				INFOPLIST_FILE = "Deskka?/Info.plist";
				LD_RUNPATH_SEARCH_PATHS = "$(inherited) @executable_path/Frameworks";
				PRODUCT_BUNDLE_IDENTIFIER = "com.indyzalab.Deskka-";
				PRODUCT_NAME = "$(TARGET_NAME)";
			};
			name = Release;
		};
		185222EA1BCAC2A8008948B1 /* Debug */ = {
			isa = XCBuildConfiguration;
			buildSettings = {
				BUNDLE_LOADER = "$(TEST_HOST)";
				INFOPLIST_FILE = "Deskka?Tests/Info.plist";
				LD_RUNPATH_SEARCH_PATHS = "$(inherited) @executable_path/Frameworks @loader_path/Frameworks";
				PRODUCT_BUNDLE_IDENTIFIER = "com.indyzalab.Deskka-Tests";
				PRODUCT_NAME = "$(TARGET_NAME)";
				TEST_HOST = "$(BUILT_PRODUCTS_DIR)/Deskka?.app/Deskka?";
			};
			name = Debug;
		};
		185222EB1BCAC2A8008948B1 /* Release */ = {
			isa = XCBuildConfiguration;
			buildSettings = {
				BUNDLE_LOADER = "$(TEST_HOST)";
				INFOPLIST_FILE = "Deskka?Tests/Info.plist";
				LD_RUNPATH_SEARCH_PATHS = "$(inherited) @executable_path/Frameworks @loader_path/Frameworks";
				PRODUCT_BUNDLE_IDENTIFIER = "com.indyzalab.Deskka-Tests";
				PRODUCT_NAME = "$(TARGET_NAME)";
				TEST_HOST = "$(BUILT_PRODUCTS_DIR)/Deskka?.app/Deskka?";
			};
			name = Release;
		};
		185222ED1BCAC2A8008948B1 /* Debug */ = {
			isa = XCBuildConfiguration;
			buildSettings = {
				INFOPLIST_FILE = "Deskka?UITests/Info.plist";
				LD_RUNPATH_SEARCH_PATHS = "$(inherited) @executable_path/Frameworks @loader_path/Frameworks";
				PRODUCT_BUNDLE_IDENTIFIER = "com.indyzalab.Deskka-UITests";
				PRODUCT_NAME = "$(TARGET_NAME)";
				TEST_TARGET_NAME = "Deskka?";
				USES_XCTRUNNER = YES;
			};
			name = Debug;
		};
		185222EE1BCAC2A8008948B1 /* Release */ = {
			isa = XCBuildConfiguration;
			buildSettings = {
				INFOPLIST_FILE = "Deskka?UITests/Info.plist";
				LD_RUNPATH_SEARCH_PATHS = "$(inherited) @executable_path/Frameworks @loader_path/Frameworks";
				PRODUCT_BUNDLE_IDENTIFIER = "com.indyzalab.Deskka-UITests";
				PRODUCT_NAME = "$(TARGET_NAME)";
				TEST_TARGET_NAME = "Deskka?";
				USES_XCTRUNNER = YES;
			};
			name = Release;
		};
/* End XCBuildConfiguration section */

/* Begin XCConfigurationList section */
		185222B41BCAC2A7008948B1 /* Build configuration list for PBXProject "Deskka?" */ = {
			isa = XCConfigurationList;
			buildConfigurations = (
				185222E41BCAC2A8008948B1 /* Debug */,
				185222E51BCAC2A8008948B1 /* Release */,
			);
			defaultConfigurationIsVisible = 0;
			defaultConfigurationName = Release;
		};
		185222E61BCAC2A8008948B1 /* Build configuration list for PBXNativeTarget "Deskka?" */ = {
			isa = XCConfigurationList;
			buildConfigurations = (
				185222E71BCAC2A8008948B1 /* Debug */,
				185222E81BCAC2A8008948B1 /* Release */,
			);
			defaultConfigurationIsVisible = 0;
			defaultConfigurationName = Release;
		};
		185222E91BCAC2A8008948B1 /* Build configuration list for PBXNativeTarget "Deskka?Tests" */ = {
			isa = XCConfigurationList;
			buildConfigurations = (
				185222EA1BCAC2A8008948B1 /* Debug */,
				185222EB1BCAC2A8008948B1 /* Release */,
			);
			defaultConfigurationIsVisible = 0;
			defaultConfigurationName = Release;
		};
		185222EC1BCAC2A8008948B1 /* Build configuration list for PBXNativeTarget "Deskka?UITests" */ = {
			isa = XCConfigurationList;
			buildConfigurations = (
				185222ED1BCAC2A8008948B1 /* Debug */,
				185222EE1BCAC2A8008948B1 /* Release */,
			);
			defaultConfigurationIsVisible = 0;
			defaultConfigurationName = Release;
		};
/* End XCConfigurationList section */
	};
	rootObject = 185222B11BCAC2A7008948B1 /* Project object */;
}
